// !$*UTF8*$!
{
	archiveVersion = 1;
	classes = {
	};
	objectVersion = 56;
	objects = {

/* Begin PBXBuildFile section */
		BA0673242AC230540075DC4A /* SwiftSoup in Frameworks */ = {isa = PBXBuildFile; productRef = BA0673232AC230540075DC4A /* SwiftSoup */; };
		BA0673262AC23C5F0075DC4A /* Ticker.swift in Sources */ = {isa = PBXBuildFile; fileRef = BA0673252AC23C5F0075DC4A /* Ticker.swift */; };
		BA2D34D12AC379A900A5F6F7 /* AboutWindow.swift in Sources */ = {isa = PBXBuildFile; fileRef = BA2D34D02AC379A900A5F6F7 /* AboutWindow.swift */; };
		BA2D34D52AC3E35B00A5F6F7 /* TickerTests.swift in Sources */ = {isa = PBXBuildFile; fileRef = BA2D34D42AC3E35B00A5F6F7 /* TickerTests.swift */; };
		BACBDFB32AC2160C009506B5 /* Assets.xcassets in Resources */ = {isa = PBXBuildFile; fileRef = BACBDFB22AC2160C009506B5 /* Assets.xcassets */; };
		BACBDFC62AC2160C009506B5 /* CartTrackerTests.swift in Sources */ = {isa = PBXBuildFile; fileRef = BACBDFC52AC2160C009506B5 /* CartTrackerTests.swift */; };
		BACBDFD02AC2160C009506B5 /* CartTrackerUITests.swift in Sources */ = {isa = PBXBuildFile; fileRef = BACBDFCF2AC2160C009506B5 /* CartTrackerUITests.swift */; };
		BACBDFD22AC2160C009506B5 /* CartTrackerUITestsLaunchTests.swift in Sources */ = {isa = PBXBuildFile; fileRef = BACBDFD12AC2160C009506B5 /* CartTrackerUITestsLaunchTests.swift */; };
		BAD56DC12AC2888C00D82C49 /* main.swift in Sources */ = {isa = PBXBuildFile; fileRef = BAD56DC02AC2888C00D82C49 /* main.swift */; };
		BAD56DC32AC288C000D82C49 /* AppDelegate.swift in Sources */ = {isa = PBXBuildFile; fileRef = BAD56DC22AC288C000D82C49 /* AppDelegate.swift */; };
/* End PBXBuildFile section */

/* Begin PBXContainerItemProxy section */
		BACBDFC22AC2160C009506B5 /* PBXContainerItemProxy */ = {
			isa = PBXContainerItemProxy;
			containerPortal = BACBDFA32AC2160B009506B5 /* Project object */;
			proxyType = 1;
			remoteGlobalIDString = BACBDFAA2AC2160B009506B5;
			remoteInfo = CartTracker;
		};
		BACBDFCC2AC2160C009506B5 /* PBXContainerItemProxy */ = {
			isa = PBXContainerItemProxy;
			containerPortal = BACBDFA32AC2160B009506B5 /* Project object */;
			proxyType = 1;
			remoteGlobalIDString = BACBDFAA2AC2160B009506B5;
			remoteInfo = CartTracker;
		};
/* End PBXContainerItemProxy section */

/* Begin PBXFileReference section */
		BA0673252AC23C5F0075DC4A /* Ticker.swift */ = {isa = PBXFileReference; lastKnownFileType = sourcecode.swift; path = Ticker.swift; sourceTree = "<group>"; };
		BA2D34D02AC379A900A5F6F7 /* AboutWindow.swift */ = {isa = PBXFileReference; lastKnownFileType = sourcecode.swift; path = AboutWindow.swift; sourceTree = "<group>"; };
		BA2D34D42AC3E35B00A5F6F7 /* TickerTests.swift */ = {isa = PBXFileReference; lastKnownFileType = sourcecode.swift; path = TickerTests.swift; sourceTree = "<group>"; };
		BACBDFAB2AC2160B009506B5 /* CartTracker.app */ = {isa = PBXFileReference; explicitFileType = wrapper.application; includeInIndex = 0; path = CartTracker.app; sourceTree = BUILT_PRODUCTS_DIR; };
		BACBDFB22AC2160C009506B5 /* Assets.xcassets */ = {isa = PBXFileReference; lastKnownFileType = folder.assetcatalog; path = Assets.xcassets; sourceTree = "<group>"; };
		BACBDFBC2AC2160C009506B5 /* CartTracker.entitlements */ = {isa = PBXFileReference; lastKnownFileType = text.plist.entitlements; path = CartTracker.entitlements; sourceTree = "<group>"; };
		BACBDFC12AC2160C009506B5 /* CartTrackerTests.xctest */ = {isa = PBXFileReference; explicitFileType = wrapper.cfbundle; includeInIndex = 0; path = CartTrackerTests.xctest; sourceTree = BUILT_PRODUCTS_DIR; };
		BACBDFC52AC2160C009506B5 /* CartTrackerTests.swift */ = {isa = PBXFileReference; lastKnownFileType = sourcecode.swift; path = CartTrackerTests.swift; sourceTree = "<group>"; };
		BACBDFCB2AC2160C009506B5 /* CartTrackerUITests.xctest */ = {isa = PBXFileReference; explicitFileType = wrapper.cfbundle; includeInIndex = 0; path = CartTrackerUITests.xctest; sourceTree = BUILT_PRODUCTS_DIR; };
		BACBDFCF2AC2160C009506B5 /* CartTrackerUITests.swift */ = {isa = PBXFileReference; lastKnownFileType = sourcecode.swift; path = CartTrackerUITests.swift; sourceTree = "<group>"; };
		BACBDFD12AC2160C009506B5 /* CartTrackerUITestsLaunchTests.swift */ = {isa = PBXFileReference; lastKnownFileType = sourcecode.swift; path = CartTrackerUITestsLaunchTests.swift; sourceTree = "<group>"; };
		BACBDFE02AC218E4009506B5 /* Info.plist */ = {isa = PBXFileReference; lastKnownFileType = text.plist; path = Info.plist; sourceTree = "<group>"; };
		BAD56DC02AC2888C00D82C49 /* main.swift */ = {isa = PBXFileReference; lastKnownFileType = sourcecode.swift; path = main.swift; sourceTree = "<group>"; };
		BAD56DC22AC288C000D82C49 /* AppDelegate.swift */ = {isa = PBXFileReference; lastKnownFileType = sourcecode.swift; path = AppDelegate.swift; sourceTree = "<group>"; };
/* End PBXFileReference section */

/* Begin PBXFrameworksBuildPhase section */
		BACBDFA82AC2160B009506B5 /* Frameworks */ = {
			isa = PBXFrameworksBuildPhase;
			buildActionMask = 2147483647;
			files = (
				BA0673242AC230540075DC4A /* SwiftSoup in Frameworks */,
			);
			runOnlyForDeploymentPostprocessing = 0;
		};
		BACBDFBE2AC2160C009506B5 /* Frameworks */ = {
			isa = PBXFrameworksBuildPhase;
			buildActionMask = 2147483647;
			files = (
			);
			runOnlyForDeploymentPostprocessing = 0;
		};
		BACBDFC82AC2160C009506B5 /* Frameworks */ = {
			isa = PBXFrameworksBuildPhase;
			buildActionMask = 2147483647;
			files = (
			);
			runOnlyForDeploymentPostprocessing = 0;
		};
/* End PBXFrameworksBuildPhase section */

/* Begin PBXGroup section */
		BACBDFA22AC2160B009506B5 = {
			isa = PBXGroup;
			children = (
				BACBDFAD2AC2160B009506B5 /* CartTracker */,
				BACBDFC42AC2160C009506B5 /* CartTrackerTests */,
				BACBDFCE2AC2160C009506B5 /* CartTrackerUITests */,
				BACBDFAC2AC2160B009506B5 /* Products */,
			);
			sourceTree = "<group>";
		};
		BACBDFAC2AC2160B009506B5 /* Products */ = {
			isa = PBXGroup;
			children = (
				BACBDFAB2AC2160B009506B5 /* CartTracker.app */,
				BACBDFC12AC2160C009506B5 /* CartTrackerTests.xctest */,
				BACBDFCB2AC2160C009506B5 /* CartTrackerUITests.xctest */,
			);
			name = Products;
			sourceTree = "<group>";
		};
		BACBDFAD2AC2160B009506B5 /* CartTracker */ = {
			isa = PBXGroup;
			children = (
				BACBDFE02AC218E4009506B5 /* Info.plist */,
				BACBDFB22AC2160C009506B5 /* Assets.xcassets */,
				BACBDFBC2AC2160C009506B5 /* CartTracker.entitlements */,
				BA0673252AC23C5F0075DC4A /* Ticker.swift */,
				BAD56DC02AC2888C00D82C49 /* main.swift */,
				BAD56DC22AC288C000D82C49 /* AppDelegate.swift */,
				BA2D34D02AC379A900A5F6F7 /* AboutWindow.swift */,
			);
			path = CartTracker;
			sourceTree = "<group>";
		};
		BACBDFC42AC2160C009506B5 /* CartTrackerTests */ = {
			isa = PBXGroup;
			children = (
				BACBDFC52AC2160C009506B5 /* CartTrackerTests.swift */,
				BA2D34D42AC3E35B00A5F6F7 /* TickerTests.swift */,
			);
			path = CartTrackerTests;
			sourceTree = "<group>";
		};
		BACBDFCE2AC2160C009506B5 /* CartTrackerUITests */ = {
			isa = PBXGroup;
			children = (
				BACBDFCF2AC2160C009506B5 /* CartTrackerUITests.swift */,
				BACBDFD12AC2160C009506B5 /* CartTrackerUITestsLaunchTests.swift */,
			);
			path = CartTrackerUITests;
			sourceTree = "<group>";
		};
/* End PBXGroup section */

/* Begin PBXNativeTarget section */
		BACBDFAA2AC2160B009506B5 /* CartTracker */ = {
			isa = PBXNativeTarget;
			buildConfigurationList = BACBDFD52AC2160C009506B5 /* Build configuration list for PBXNativeTarget "CartTracker" */;
			buildPhases = (
				BACBDFA72AC2160B009506B5 /* Sources */,
				BACBDFA82AC2160B009506B5 /* Frameworks */,
				BACBDFA92AC2160B009506B5 /* Resources */,
			);
			buildRules = (
			);
			dependencies = (
			);
			name = CartTracker;
			packageProductDependencies = (
				BA0673232AC230540075DC4A /* SwiftSoup */,
			);
			productName = CartTracker;
			productReference = BACBDFAB2AC2160B009506B5 /* CartTracker.app */;
			productType = "com.apple.product-type.application";
		};
		BACBDFC02AC2160C009506B5 /* CartTrackerTests */ = {
			isa = PBXNativeTarget;
			buildConfigurationList = BACBDFD82AC2160C009506B5 /* Build configuration list for PBXNativeTarget "CartTrackerTests" */;
			buildPhases = (
				BACBDFBD2AC2160C009506B5 /* Sources */,
				BACBDFBE2AC2160C009506B5 /* Frameworks */,
				BACBDFBF2AC2160C009506B5 /* Resources */,
			);
			buildRules = (
			);
			dependencies = (
				BACBDFC32AC2160C009506B5 /* PBXTargetDependency */,
			);
			name = CartTrackerTests;
			productName = CartTrackerTests;
			productReference = BACBDFC12AC2160C009506B5 /* CartTrackerTests.xctest */;
			productType = "com.apple.product-type.bundle.unit-test";
		};
		BACBDFCA2AC2160C009506B5 /* CartTrackerUITests */ = {
			isa = PBXNativeTarget;
			buildConfigurationList = BACBDFDB2AC2160C009506B5 /* Build configuration list for PBXNativeTarget "CartTrackerUITests" */;
			buildPhases = (
				BACBDFC72AC2160C009506B5 /* Sources */,
				BACBDFC82AC2160C009506B5 /* Frameworks */,
				BACBDFC92AC2160C009506B5 /* Resources */,
			);
			buildRules = (
			);
			dependencies = (
				BACBDFCD2AC2160C009506B5 /* PBXTargetDependency */,
			);
			name = CartTrackerUITests;
			productName = CartTrackerUITests;
			productReference = BACBDFCB2AC2160C009506B5 /* CartTrackerUITests.xctest */;
			productType = "com.apple.product-type.bundle.ui-testing";
		};
/* End PBXNativeTarget section */

/* Begin PBXProject section */
		BACBDFA32AC2160B009506B5 /* Project object */ = {
			isa = PBXProject;
			attributes = {
				BuildIndependentTargetsInParallel = 1;
				LastSwiftUpdateCheck = 1430;
				LastUpgradeCheck = 1430;
				TargetAttributes = {
					BACBDFAA2AC2160B009506B5 = {
						CreatedOnToolsVersion = 14.3.1;
					};
					BACBDFC02AC2160C009506B5 = {
						CreatedOnToolsVersion = 14.3.1;
						TestTargetID = BACBDFAA2AC2160B009506B5;
					};
					BACBDFCA2AC2160C009506B5 = {
						CreatedOnToolsVersion = 14.3.1;
						TestTargetID = BACBDFAA2AC2160B009506B5;
					};
				};
			};
			buildConfigurationList = BACBDFA62AC2160B009506B5 /* Build configuration list for PBXProject "CartTracker" */;
			compatibilityVersion = "Xcode 14.0";
			developmentRegion = en;
			hasScannedForEncodings = 0;
			knownRegions = (
				en,
				Base,
			);
			mainGroup = BACBDFA22AC2160B009506B5;
			packageReferences = (
				BA0673222AC230540075DC4A /* XCRemoteSwiftPackageReference "SwiftSoup" */,
			);
			productRefGroup = BACBDFAC2AC2160B009506B5 /* Products */;
			projectDirPath = "";
			projectRoot = "";
			targets = (
				BACBDFAA2AC2160B009506B5 /* CartTracker */,
				BACBDFC02AC2160C009506B5 /* CartTrackerTests */,
				BACBDFCA2AC2160C009506B5 /* CartTrackerUITests */,
			);
		};
/* End PBXProject section */

/* Begin PBXResourcesBuildPhase section */
		BACBDFA92AC2160B009506B5 /* Resources */ = {
			isa = PBXResourcesBuildPhase;
			buildActionMask = 2147483647;
			files = (
				BACBDFB32AC2160C009506B5 /* Assets.xcassets in Resources */,
			);
			runOnlyForDeploymentPostprocessing = 0;
		};
		BACBDFBF2AC2160C009506B5 /* Resources */ = {
			isa = PBXResourcesBuildPhase;
			buildActionMask = 2147483647;
			files = (
			);
			runOnlyForDeploymentPostprocessing = 0;
		};
		BACBDFC92AC2160C009506B5 /* Resources */ = {
			isa = PBXResourcesBuildPhase;
			buildActionMask = 2147483647;
			files = (
			);
			runOnlyForDeploymentPostprocessing = 0;
		};
/* End PBXResourcesBuildPhase section */

/* Begin PBXSourcesBuildPhase section */
		BACBDFA72AC2160B009506B5 /* Sources */ = {
			isa = PBXSourcesBuildPhase;
			buildActionMask = 2147483647;
			files = (
				BA0673262AC23C5F0075DC4A /* Ticker.swift in Sources */,
				BAD56DC12AC2888C00D82C49 /* main.swift in Sources */,
				BAD56DC32AC288C000D82C49 /* AppDelegate.swift in Sources */,
				BA2D34D12AC379A900A5F6F7 /* AboutWindow.swift in Sources */,
			);
			runOnlyForDeploymentPostprocessing = 0;
		};
		BACBDFBD2AC2160C009506B5 /* Sources */ = {
			isa = PBXSourcesBuildPhase;
			buildActionMask = 2147483647;
			files = (
				BACBDFC62AC2160C009506B5 /* CartTrackerTests.swift in Sources */,
				BA2D34D52AC3E35B00A5F6F7 /* TickerTests.swift in Sources */,
			);
			runOnlyForDeploymentPostprocessing = 0;
		};
		BACBDFC72AC2160C009506B5 /* Sources */ = {
			isa = PBXSourcesBuildPhase;
			buildActionMask = 2147483647;
			files = (
				BACBDFD02AC2160C009506B5 /* CartTrackerUITests.swift in Sources */,
				BACBDFD22AC2160C009506B5 /* CartTrackerUITestsLaunchTests.swift in Sources */,
			);
			runOnlyForDeploymentPostprocessing = 0;
		};
/* End PBXSourcesBuildPhase section */

/* Begin PBXTargetDependency section */
		BACBDFC32AC2160C009506B5 /* PBXTargetDependency */ = {
			isa = PBXTargetDependency;
			target = BACBDFAA2AC2160B009506B5 /* CartTracker */;
			targetProxy = BACBDFC22AC2160C009506B5 /* PBXContainerItemProxy */;
		};
		BACBDFCD2AC2160C009506B5 /* PBXTargetDependency */ = {
			isa = PBXTargetDependency;
			target = BACBDFAA2AC2160B009506B5 /* CartTracker */;
			targetProxy = BACBDFCC2AC2160C009506B5 /* PBXContainerItemProxy */;
		};
/* End PBXTargetDependency section */

/* Begin XCBuildConfiguration section */
		BACBDFD32AC2160C009506B5 /* Debug */ = {
			isa = XCBuildConfiguration;
			buildSettings = {
				ALWAYS_SEARCH_USER_PATHS = NO;
				CLANG_ANALYZER_NONNULL = YES;
				CLANG_ANALYZER_NUMBER_OBJECT_CONVERSION = YES_AGGRESSIVE;
				CLANG_CXX_LANGUAGE_STANDARD = "gnu++20";
				CLANG_ENABLE_MODULES = YES;
				CLANG_ENABLE_OBJC_ARC = YES;
				CLANG_ENABLE_OBJC_WEAK = YES;
				CLANG_WARN_BLOCK_CAPTURE_AUTORELEASING = YES;
				CLANG_WARN_BOOL_CONVERSION = YES;
				CLANG_WARN_COMMA = YES;
				CLANG_WARN_CONSTANT_CONVERSION = YES;
				CLANG_WARN_DEPRECATED_OBJC_IMPLEMENTATIONS = YES;
				CLANG_WARN_DIRECT_OBJC_ISA_USAGE = YES_ERROR;
				CLANG_WARN_DOCUMENTATION_COMMENTS = YES;
				CLANG_WARN_EMPTY_BODY = YES;
				CLANG_WARN_ENUM_CONVERSION = YES;
				CLANG_WARN_INFINITE_RECURSION = YES;
				CLANG_WARN_INT_CONVERSION = YES;
				CLANG_WARN_NON_LITERAL_NULL_CONVERSION = YES;
				CLANG_WARN_OBJC_IMPLICIT_RETAIN_SELF = YES;
				CLANG_WARN_OBJC_LITERAL_CONVERSION = YES;
				CLANG_WARN_OBJC_ROOT_CLASS = YES_ERROR;
				CLANG_WARN_QUOTED_INCLUDE_IN_FRAMEWORK_HEADER = YES;
				CLANG_WARN_RANGE_LOOP_ANALYSIS = YES;
				CLANG_WARN_STRICT_PROTOTYPES = YES;
				CLANG_WARN_SUSPICIOUS_MOVE = YES;
				CLANG_WARN_UNGUARDED_AVAILABILITY = YES_AGGRESSIVE;
				CLANG_WARN_UNREACHABLE_CODE = YES;
				CLANG_WARN__DUPLICATE_METHOD_MATCH = YES;
				COPY_PHASE_STRIP = NO;
				DEBUG_INFORMATION_FORMAT = dwarf;
				ENABLE_STRICT_OBJC_MSGSEND = YES;
				ENABLE_TESTABILITY = YES;
				GCC_C_LANGUAGE_STANDARD = gnu11;
				GCC_DYNAMIC_NO_PIC = NO;
				GCC_NO_COMMON_BLOCKS = YES;
				GCC_OPTIMIZATION_LEVEL = 0;
				GCC_PREPROCESSOR_DEFINITIONS = (
					"DEBUG=1",
					"$(inherited)",
				);
				GCC_WARN_64_TO_32_BIT_CONVERSION = YES;
				GCC_WARN_ABOUT_RETURN_TYPE = YES_ERROR;
				GCC_WARN_UNDECLARED_SELECTOR = YES;
				GCC_WARN_UNINITIALIZED_AUTOS = YES_AGGRESSIVE;
				GCC_WARN_UNUSED_FUNCTION = YES;
				GCC_WARN_UNUSED_VARIABLE = YES;
				MACOSX_DEPLOYMENT_TARGET = 13.3;
				MTL_ENABLE_DEBUG_INFO = INCLUDE_SOURCE;
				MTL_FAST_MATH = YES;
				ONLY_ACTIVE_ARCH = YES;
				SDKROOT = macosx;
				SWIFT_ACTIVE_COMPILATION_CONDITIONS = DEBUG;
				SWIFT_OPTIMIZATION_LEVEL = "-Onone";
			};
			name = Debug;
		};
		BACBDFD42AC2160C009506B5 /* Release */ = {
			isa = XCBuildConfiguration;
			buildSettings = {
				ALWAYS_SEARCH_USER_PATHS = NO;
				CLANG_ANALYZER_NONNULL = YES;
				CLANG_ANALYZER_NUMBER_OBJECT_CONVERSION = YES_AGGRESSIVE;
				CLANG_CXX_LANGUAGE_STANDARD = "gnu++20";
				CLANG_ENABLE_MODULES = YES;
				CLANG_ENABLE_OBJC_ARC = YES;
				CLANG_ENABLE_OBJC_WEAK = YES;
				CLANG_WARN_BLOCK_CAPTURE_AUTORELEASING = YES;
				CLANG_WARN_BOOL_CONVERSION = YES;
				CLANG_WARN_COMMA = YES;
				CLANG_WARN_CONSTANT_CONVERSION = YES;
				CLANG_WARN_DEPRECATED_OBJC_IMPLEMENTATIONS = YES;
				CLANG_WARN_DIRECT_OBJC_ISA_USAGE = YES_ERROR;
				CLANG_WARN_DOCUMENTATION_COMMENTS = YES;
				CLANG_WARN_EMPTY_BODY = YES;
				CLANG_WARN_ENUM_CONVERSION = YES;
				CLANG_WARN_INFINITE_RECURSION = YES;
				CLANG_WARN_INT_CONVERSION = YES;
				CLANG_WARN_NON_LITERAL_NULL_CONVERSION = YES;
				CLANG_WARN_OBJC_IMPLICIT_RETAIN_SELF = YES;
				CLANG_WARN_OBJC_LITERAL_CONVERSION = YES;
				CLANG_WARN_OBJC_ROOT_CLASS = YES_ERROR;
				CLANG_WARN_QUOTED_INCLUDE_IN_FRAMEWORK_HEADER = YES;
				CLANG_WARN_RANGE_LOOP_ANALYSIS = YES;
				CLANG_WARN_STRICT_PROTOTYPES = YES;
				CLANG_WARN_SUSPICIOUS_MOVE = YES;
				CLANG_WARN_UNGUARDED_AVAILABILITY = YES_AGGRESSIVE;
				CLANG_WARN_UNREACHABLE_CODE = YES;
				CLANG_WARN__DUPLICATE_METHOD_MATCH = YES;
				COPY_PHASE_STRIP = NO;
				DEBUG_INFORMATION_FORMAT = "dwarf-with-dsym";
				ENABLE_NS_ASSERTIONS = NO;
				ENABLE_STRICT_OBJC_MSGSEND = YES;
				GCC_C_LANGUAGE_STANDARD = gnu11;
				GCC_NO_COMMON_BLOCKS = YES;
				GCC_WARN_64_TO_32_BIT_CONVERSION = YES;
				GCC_WARN_ABOUT_RETURN_TYPE = YES_ERROR;
				GCC_WARN_UNDECLARED_SELECTOR = YES;
				GCC_WARN_UNINITIALIZED_AUTOS = YES_AGGRESSIVE;
				GCC_WARN_UNUSED_FUNCTION = YES;
				GCC_WARN_UNUSED_VARIABLE = YES;
				MACOSX_DEPLOYMENT_TARGET = 13.3;
				MTL_ENABLE_DEBUG_INFO = NO;
				MTL_FAST_MATH = YES;
				SDKROOT = macosx;
				SWIFT_COMPILATION_MODE = wholemodule;
				SWIFT_OPTIMIZATION_LEVEL = "-O";
			};
			name = Release;
		};
		BACBDFD62AC2160C009506B5 /* Debug */ = {
			isa = XCBuildConfiguration;
			buildSettings = {
				ASSETCATALOG_COMPILER_APPICON_NAME = AppIcon;
				ASSETCATALOG_COMPILER_GLOBAL_ACCENT_COLOR_NAME = AccentColor;
				CODE_SIGN_ENTITLEMENTS = CartTracker/CartTracker.entitlements;
				"CODE_SIGN_IDENTITY[sdk=macosx*]" = "Apple Development";
				CODE_SIGN_STYLE = Automatic;
				COMBINE_HIDPI_IMAGES = YES;
				CURRENT_PROJECT_VERSION = 1;
				DEVELOPMENT_TEAM = NB93H2L88E;
				ENABLE_HARDENED_RUNTIME = YES;
				ENABLE_PREVIEWS = YES;
				GENERATE_INFOPLIST_FILE = YES;
				INFOPLIST_FILE = CartTracker/Info.plist;
				INFOPLIST_KEY_LSApplicationCategoryType = "public.app-category.utilities";
				INFOPLIST_KEY_NSHumanReadableCopyright = "";
				LD_RUNPATH_SEARCH_PATHS = (
					"$(inherited)",
					"@executable_path/../Frameworks",
				);
				MACOSX_DEPLOYMENT_TARGET = 13.0;
				MARKETING_VERSION = 1.2;
				PRODUCT_BUNDLE_IDENTIFIER = com.bendb.CartTracker;
				PRODUCT_NAME = "$(TARGET_NAME)";
				SWIFT_EMIT_LOC_STRINGS = YES;
				SWIFT_VERSION = 5.0;
			};
			name = Debug;
		};
		BACBDFD72AC2160C009506B5 /* Release */ = {
			isa = XCBuildConfiguration;
			buildSettings = {
				ASSETCATALOG_COMPILER_APPICON_NAME = AppIcon;
				ASSETCATALOG_COMPILER_GLOBAL_ACCENT_COLOR_NAME = AccentColor;
				CODE_SIGN_ENTITLEMENTS = CartTracker/CartTracker.entitlements;
				"CODE_SIGN_IDENTITY[sdk=macosx*]" = "Apple Development";
				CODE_SIGN_STYLE = Automatic;
				COMBINE_HIDPI_IMAGES = YES;
				CURRENT_PROJECT_VERSION = 1;
				DEVELOPMENT_TEAM = NB93H2L88E;
				ENABLE_HARDENED_RUNTIME = YES;
				ENABLE_PREVIEWS = YES;
				GENERATE_INFOPLIST_FILE = YES;
				INFOPLIST_FILE = CartTracker/Info.plist;
				INFOPLIST_KEY_LSApplicationCategoryType = "public.app-category.utilities";
				INFOPLIST_KEY_NSHumanReadableCopyright = "";
				LD_RUNPATH_SEARCH_PATHS = (
					"$(inherited)",
					"@executable_path/../Frameworks",
				);
				MACOSX_DEPLOYMENT_TARGET = 13.0;
				MARKETING_VERSION = 1.2;
				PRODUCT_BUNDLE_IDENTIFIER = com.bendb.CartTracker;
				PRODUCT_NAME = "$(TARGET_NAME)";
				SWIFT_EMIT_LOC_STRINGS = YES;
				SWIFT_VERSION = 5.0;
			};
			name = Release;
		};
		BACBDFD92AC2160C009506B5 /* Debug */ = {
			isa = XCBuildConfiguration;
			buildSettings = {
				ALWAYS_EMBED_SWIFT_STANDARD_LIBRARIES = YES;
				BUNDLE_LOADER = "$(TEST_HOST)";
				"CODE_SIGN_IDENTITY[sdk=macosx*]" = "Apple Development";
				CODE_SIGN_STYLE = Automatic;
				CURRENT_PROJECT_VERSION = 1;
				DEVELOPMENT_TEAM = NB93H2L88E;
				GENERATE_INFOPLIST_FILE = YES;
				MACOSX_DEPLOYMENT_TARGET = 13.3;
				MARKETING_VERSION = 1.0;
				PRODUCT_BUNDLE_IDENTIFIER = com.bendb.CartTrackerTests;
				PRODUCT_NAME = "$(TARGET_NAME)";
				SWIFT_EMIT_LOC_STRINGS = NO;
				SWIFT_VERSION = 5.0;
				TEST_HOST = "$(BUILT_PRODUCTS_DIR)/CartTracker.app/$(BUNDLE_EXECUTABLE_FOLDER_PATH)/CartTracker";
			};
			name = Debug;
		};
		BACBDFDA2AC2160C009506B5 /* Release */ = {
			isa = XCBuildConfiguration;
			buildSettings = {
				ALWAYS_EMBED_SWIFT_STANDARD_LIBRARIES = YES;
				BUNDLE_LOADER = "$(TEST_HOST)";
				"CODE_SIGN_IDENTITY[sdk=macosx*]" = "Apple Development";
				CODE_SIGN_STYLE = Automatic;
				CURRENT_PROJECT_VERSION = 1;
				DEVELOPMENT_TEAM = NB93H2L88E;
				GENERATE_INFOPLIST_FILE = YES;
				MACOSX_DEPLOYMENT_TARGET = 13.3;
				MARKETING_VERSION = 1.0;
				PRODUCT_BUNDLE_IDENTIFIER = com.bendb.CartTrackerTests;
				PRODUCT_NAME = "$(TARGET_NAME)";
				SWIFT_EMIT_LOC_STRINGS = NO;
				SWIFT_VERSION = 5.0;
				TEST_HOST = "$(BUILT_PRODUCTS_DIR)/CartTracker.app/$(BUNDLE_EXECUTABLE_FOLDER_PATH)/CartTracker";
			};
			name = Release;
		};
		BACBDFDC2AC2160C009506B5 /* Debug */ = {
			isa = XCBuildConfiguration;
			buildSettings = {
				ALWAYS_EMBED_SWIFT_STANDARD_LIBRARIES = YES;
				"CODE_SIGN_IDENTITY[sdk=macosx*]" = "Apple Development";
				CODE_SIGN_STYLE = Automatic;
				CURRENT_PROJECT_VERSION = 1;
				DEVELOPMENT_TEAM = NB93H2L88E;
				GENERATE_INFOPLIST_FILE = YES;
				MARKETING_VERSION = 1.0;
				PRODUCT_BUNDLE_IDENTIFIER = com.bendb.CartTrackerUITests;
				PRODUCT_NAME = "$(TARGET_NAME)";
				SWIFT_EMIT_LOC_STRINGS = NO;
				SWIFT_VERSION = 5.0;
				TEST_TARGET_NAME = CartTracker;
			};
			name = Debug;
		};
		BACBDFDD2AC2160C009506B5 /* Release */ = {
			isa = XCBuildConfiguration;
			buildSettings = {
				ALWAYS_EMBED_SWIFT_STANDARD_LIBRARIES = YES;
				"CODE_SIGN_IDENTITY[sdk=macosx*]" = "Apple Development";
				CODE_SIGN_STYLE = Automatic;
				CURRENT_PROJECT_VERSION = 1;
				DEVELOPMENT_TEAM = NB93H2L88E;
				GENERATE_INFOPLIST_FILE = YES;
				MARKETING_VERSION = 1.0;
				PRODUCT_BUNDLE_IDENTIFIER = com.bendb.CartTrackerUITests;
				PRODUCT_NAME = "$(TARGET_NAME)";
				SWIFT_EMIT_LOC_STRINGS = NO;
				SWIFT_VERSION = 5.0;
				TEST_TARGET_NAME = CartTracker;
			};
			name = Release;
		};
/* End XCBuildConfiguration section */

/* Begin XCConfigurationList section */
		BACBDFA62AC2160B009506B5 /* Build configuration list for PBXProject "CartTracker" */ = {
			isa = XCConfigurationList;
			buildConfigurations = (
				BACBDFD32AC2160C009506B5 /* Debug */,
				BACBDFD42AC2160C009506B5 /* Release */,
			);
			defaultConfigurationIsVisible = 0;
			defaultConfigurationName = Release;
		};
		BACBDFD52AC2160C009506B5 /* Build configuration list for PBXNativeTarget "CartTracker" */ = {
			isa = XCConfigurationList;
			buildConfigurations = (
				BACBDFD62AC2160C009506B5 /* Debug */,
				BACBDFD72AC2160C009506B5 /* Release */,
			);
			defaultConfigurationIsVisible = 0;
			defaultConfigurationName = Release;
		};
		BACBDFD82AC2160C009506B5 /* Build configuration list for PBXNativeTarget "CartTrackerTests" */ = {
			isa = XCConfigurationList;
			buildConfigurations = (
				BACBDFD92AC2160C009506B5 /* Debug */,
				BACBDFDA2AC2160C009506B5 /* Release */,
			);
			defaultConfigurationIsVisible = 0;
			defaultConfigurationName = Release;
		};
		BACBDFDB2AC2160C009506B5 /* Build configuration list for PBXNativeTarget "CartTrackerUITests" */ = {
			isa = XCConfigurationList;
			buildConfigurations = (
				BACBDFDC2AC2160C009506B5 /* Debug */,
				BACBDFDD2AC2160C009506B5 /* Release */,
			);
			defaultConfigurationIsVisible = 0;
			defaultConfigurationName = Release;
		};
/* End XCConfigurationList section */

/* Begin XCRemoteSwiftPackageReference section */
		BA0673222AC230540075DC4A /* XCRemoteSwiftPackageReference "SwiftSoup" */ = {
			isa = XCRemoteSwiftPackageReference;
			repositoryURL = "https://github.com/scinfu/SwiftSoup.git";
			requirement = {
				kind = upToNextMajorVersion;
				minimumVersion = 2.0.0;
			};
		};
/* End XCRemoteSwiftPackageReference section */

/* Begin XCSwiftPackageProductDependency section */
		BA0673232AC230540075DC4A /* SwiftSoup */ = {
			isa = XCSwiftPackageProductDependency;
			package = BA0673222AC230540075DC4A /* XCRemoteSwiftPackageReference "SwiftSoup" */;
			productName = SwiftSoup;
		};
/* End XCSwiftPackageProductDependency section */
	};
	rootObject = BACBDFA32AC2160B009506B5 /* Project object */;
}
